
Microsoft Visual Studio Solution File, Format Version 12.00
# Visual Studio 2013
VisualStudioVersion = 12.0.31101.0
MinimumVisualStudioVersion = 10.0.40219.1
Project("{FAE04EC0-301F-11D3-BF4B-00C04F79EFBC}") = "StoreMaterial", "StoreMaterial\StoreMaterial.csproj", "{E24005BB-8B8E-4D00-BA80-213CB3E55737}"
EndProject
Project("{FAE04EC0-301F-11D3-BF4B-00C04F79EFBC}") = "StoreMaterial.Tests", "StoreMaterial.Tests\StoreMaterial.Tests.csproj", "{723D2B67-DBE2-4887-A4CA-53F691FB8060}"
EndProject
Global
	GlobalSection(SolutionConfigurationPlatforms) = preSolution
		Debug|Any CPU = Debug|Any CPU
		Release|Any CPU = Release|Any CPU
	EndGlobalSection
	GlobalSection(ProjectConfigurationPlatforms) = postSolution
		{E24005BB-8B8E-4D00-BA80-213CB3E55737}.Debug|Any CPU.ActiveCfg = Debug|Any CPU
		{E24005BB-8B8E-4D00-BA80-213CB3E55737}.Debug|Any CPU.Build.0 = Debug|Any CPU
		{E24005BB-8B8E-4D00-BA80-213CB3E55737}.Release|Any CPU.ActiveCfg = Release|Any CPU
		{E24005BB-8B8E-4D00-BA80-213CB3E55737}.Release|Any CPU.Build.0 = Release|Any CPU
		{723D2B67-DBE2-4887-A4CA-53F691FB8060}.Debug|Any CPU.ActiveCfg = Debug|Any CPU
		{723D2B67-DBE2-4887-A4CA-53F691FB8060}.Debug|Any CPU.Build.0 = Debug|Any CPU
		{723D2B67-DBE2-4887-A4CA-53F691FB8060}.Release|Any CPU.ActiveCfg = Release|Any CPU
		{723D2B67-DBE2-4887-A4CA-53F691FB8060}.Release|Any CPU.Build.0 = Release|Any CPU
	EndGlobalSection
	GlobalSection(SolutionProperties) = preSolution
		HideSolutionNode = FALSE
	EndGlobalSection
EndGlobal
